<Solution>
  <Folder Name="/Elementos de la solución/">
    <File Path="README.md" />
  </Folder>
  <Project Path="APISegura/APISegura.csproj" />
  <Project Path="DesktopCodOperacional/DesktopCodOperacional.csproj" Id="03438fdf-7510-4764-ab73-760258c67493" />
  <Project Path="FrontCodOperacional/FrontCodOperacional.csproj" Id="1a5a614c-cc67-41bd-a528-db8f23795362" />
</Solution>
